
Microsoft Visual Studio Solution File, Format Version 12.00
# Visual Studio Version 17
VisualStudioVersion = 17.9.34728.123
MinimumVisualStudioVersion = 10.0.40219.1
Project("{9A19103F-16F7-4668-BE54-9A1E7A4F7556}") = "TypeOneFoodJournal", "TypeOneFoodJournal.csproj", "{8FEC5E67-044D-43EC-8A6A-C7362E4A5989}"
EndProject
Project("{FAE04EC0-301F-11D3-BF4B-00C04F79EFBC}") = "TypeOneFoodJournal.Services", "..\TypeOneFoodJournal.Services\TypeOneFoodJournal.Services.csproj", "{A4BF3CDF-6577-459C-AB43-5294A16A239A}"
EndProject
Project("{FAE04EC0-301F-11D3-BF4B-00C04F79EFBC}") = "TypeOneFoodJournal.Data", "..\TypeOneFoodJournal.Data\TypeOneFoodJournal.Data.csproj", "{C04C5F10-2661-4CC5-AFD7-E668A4C965B0}"
EndProject
Global
	GlobalSection(SolutionConfigurationPlatforms) = preSolution
		Debug|Any CPU = Debug|Any CPU
		Release|Any CPU = Release|Any CPU
	EndGlobalSection
	GlobalSection(ProjectConfigurationPlatforms) = postSolution
		{8FEC5E67-044D-43EC-8A6A-C7362E4A5989}.Debug|Any CPU.ActiveCfg = Debug|Any CPU
		{8FEC5E67-044D-43EC-8A6A-C7362E4A5989}.Debug|Any CPU.Build.0 = Debug|Any CPU
		{8FEC5E67-044D-43EC-8A6A-C7362E4A5989}.Release|Any CPU.ActiveCfg = Release|Any CPU
		{8FEC5E67-044D-43EC-8A6A-C7362E4A5989}.Release|Any CPU.Build.0 = Release|Any CPU
		{A4BF3CDF-6577-459C-AB43-5294A16A239A}.Debug|Any CPU.ActiveCfg = Debug|Any CPU
		{A4BF3CDF-6577-459C-AB43-5294A16A239A}.Debug|Any CPU.Build.0 = Debug|Any CPU
		{A4BF3CDF-6577-459C-AB43-5294A16A239A}.Release|Any CPU.ActiveCfg = Release|Any CPU
		{A4BF3CDF-6577-459C-AB43-5294A16A239A}.Release|Any CPU.Build.0 = Release|Any CPU
		{C04C5F10-2661-4CC5-AFD7-E668A4C965B0}.Debug|Any CPU.ActiveCfg = Debug|Any CPU
		{C04C5F10-2661-4CC5-AFD7-E668A4C965B0}.Debug|Any CPU.Build.0 = Debug|Any CPU
		{C04C5F10-2661-4CC5-AFD7-E668A4C965B0}.Release|Any CPU.ActiveCfg = Release|Any CPU
		{C04C5F10-2661-4CC5-AFD7-E668A4C965B0}.Release|Any CPU.Build.0 = Release|Any CPU
	EndGlobalSection
	GlobalSection(SolutionProperties) = preSolution
		HideSolutionNode = FALSE
	EndGlobalSection
	GlobalSection(ExtensibilityGlobals) = postSolution
		SolutionGuid = {E4D30BDA-3B50-44A2-9D38-9342FDA58A53}
	EndGlobalSection
EndGlobal
